PODS:
  - KeyStorage (0.2.4)
  - Nimble (8.0.1)

DEPENDENCIES:
  - KeyStorage (from `../`)
  - Nimble

SPEC REPOS:
  https://github.com/cocoapods/specs.git:
    - Nimble

EXTERNAL SOURCES:
  KeyStorage:
    :path: "../"

SPEC CHECKSUMS:
  KeyStorage: f3b7a8c79ae1913a72072371929a9b9aec032496
  Nimble: 45f786ae66faa9a709624227fae502db55a8bdd0

PODFILE CHECKSUM: 1a6b9e3a51a4b996ccc577b192097509cd325040

COCOAPODS: 1.6.0
