PODS:
  - KeyStorage (0.3.2)
  - Nimble (9.2.1)

DEPENDENCIES:
  - KeyStorage (from `../`)
  - Nimble

SPEC REPOS:
  trunk:
    - Nimble

EXTERNAL SOURCES:
  KeyStorage:
    :path: "../"

SPEC CHECKSUMS:
  KeyStorage: 8e34690c82da2ebf836a02fb302c5062b9482eeb
  Nimble: e7e615c0335ee4bf5b0d786685451e62746117d5

PODFILE CHECKSUM: 1a6b9e3a51a4b996ccc577b192097509cd325040

COCOAPODS: 1.11.2
